
Microsoft Visual Studio Solution File, Format Version 12.00
Project("{FAE04EC0-301F-11D3-BF4B-00C04F79EFBC}") = "StockDashboard", "StockDashboard.csproj", "{FE9D3F5F-0776-4FE1-A453-C79DA66F1B42}"
EndProject
Global
	GlobalSection(SolutionConfigurationPlatforms) = preSolution
		Debug|Any CPU = Debug|Any CPU
		Release|Any CPU = Release|Any CPU
	EndGlobalSection
	GlobalSection(ProjectConfigurationPlatforms) = postSolution
		{FE9D3F5F-0776-4FE1-A453-C79DA66F1B42}.Debug|Any CPU.ActiveCfg = Debug|Any CPU
		{FE9D3F5F-0776-4FE1-A453-C79DA66F1B42}.Debug|Any CPU.Build.0 = Debug|Any CPU
		{FE9D3F5F-0776-4FE1-A453-C79DA66F1B42}.Release|Any CPU.ActiveCfg = Release|Any CPU
		{FE9D3F5F-0776-4FE1-A453-C79DA66F1B42}.Release|Any CPU.Build.0 = Release|Any CPU
	EndGlobalSection
EndGlobal
